{
  "version": 4,
  "terraform_version": "1.4.6",
  "serial": 25,
  "lineage": "6fc99717-e220-9c4d-f120-c401ef55b514",
  "outputs": {},
  "resources": [
    {
      "mode": "managed",
      "type": "aws_instance",
      "name": "app_server",
      "provider": "provider[\"registry.terraform.io/hashicorp/aws\"]",
      "instances": [
        {
          "schema_version": 1,
          "attributes": {
            "ami": "ami-0889a44b331db0194",
            "arn": "arn:aws:ec2:us-east-1:787850451508:instance/i-05a746746b726c0ad",
            "associate_public_ip_address": true,
            "availability_zone": "us-east-1c",
            "capacity_reservation_specification": [
              {
                "capacity_reservation_preference": "open",
                "capacity_reservation_target": []
              }
            ],
            "cpu_core_count": 1,
            "cpu_options": [
              {
                "amd_sev_snp": "",
                "core_count": 1,
                "threads_per_core": 1
              }
            ],
            "cpu_threads_per_core": 1,
            "credit_specification": [
              {
                "cpu_credits": "standard"
              }
            ],
            "disable_api_stop": false,
            "disable_api_termination": false,
            "ebs_block_device": [],
            "ebs_optimized": false,
            "enclave_options": [
              {
                "enabled": false
              }
            ],
            "ephemeral_block_device": [],
            "get_password_data": false,
            "hibernation": false,
            "host_id": "",
            "host_resource_group_arn": null,
            "iam_instance_profile": "",
            "id": "i-05a746746b726c0ad",
            "instance_initiated_shutdown_behavior": "stop",
            "instance_state": "running",
            "instance_type": "t2.micro",
            "ipv6_address_count": 0,
            "ipv6_addresses": [],
            "key_name": "",
            "launch_template": [],
            "maintenance_options": [
              {
                "auto_recovery": "default"
              }
            ],
            "metadata_options": [
              {
                "http_endpoint": "enabled",
                "http_put_response_hop_limit": 2,
                "http_tokens": "required",
                "instance_metadata_tags": "disabled"
              }
            ],
            "monitoring": false,
            "network_interface": [],
            "outpost_arn": "",
            "password_data": "",
            "placement_group": "",
            "placement_partition_number": 0,
            "primary_network_interface_id": "eni-0fc1713c38dd55b32",
            "private_dns": "ip-172-31-80-209.ec2.internal",
            "private_dns_name_options": [
              {
                "enable_resource_name_dns_a_record": false,
                "enable_resource_name_dns_aaaa_record": false,
                "hostname_type": "ip-name"
              }
            ],
            "private_ip": "172.31.80.209",
            "public_dns": "ec2-54-89-54-107.compute-1.amazonaws.com",
            "public_ip": "54.89.54.107",
            "root_block_device": [
              {
                "delete_on_termination": true,
                "device_name": "/dev/xvda",
                "encrypted": false,
                "iops": 3000,
                "kms_key_id": "",
                "tags": {},
                "throughput": 125,
                "volume_id": "vol-0009231ac8ec7683c",
                "volume_size": 8,
                "volume_type": "gp3"
              }
            ],
            "secondary_private_ips": [],
            "security_groups": [
              "default"
            ],
            "source_dest_check": true,
            "subnet_id": "subnet-025b3968a53fdf6f2",
            "tags": {
              "Name": "ResumeServerInstance"
            },
            "tags_all": {
              "Name": "ResumeServerInstance"
            },
            "tenancy": "default",
            "timeouts": null,
            "user_data": null,
            "user_data_base64": null,
            "user_data_replace_on_change": false,
            "volume_tags": null,
            "vpc_security_group_ids": [
              "sg-07d434a84bab84fbb"
            ]
          },
          "sensitive_attributes": [],
          "private": "eyJlMmJmYjczMC1lY2FhLTExZTYtOGY4OC0zNDM2M2JjN2M0YzAiOnsiY3JlYXRlIjo2MDAwMDAwMDAwMDAsImRlbGV0ZSI6MTIwMDAwMDAwMDAwMCwidXBkYXRlIjo2MDAwMDAwMDAwMDB9LCJzY2hlbWFfdmVyc2lvbiI6IjEifQ=="
        }
      ]
    },
    {
      "module": "module.s3-bucket",
      "mode": "data",
      "type": "aws_caller_identity",
      "name": "current",
      "provider": "provider[\"registry.terraform.io/hashicorp/aws\"]",
      "instances": [
        {
          "schema_version": 0,
          "attributes": {
            "account_id": "787850451508",
            "arn": "arn:aws:iam::787850451508:user/main",
            "id": "787850451508",
            "user_id": "AIDA3O34L3I2GLYXXJAH2"
          },
          "sensitive_attributes": []
        }
      ]
    },
    {
      "module": "module.s3-bucket",
      "mode": "data",
      "type": "aws_canonical_user_id",
      "name": "this",
      "provider": "provider[\"registry.terraform.io/hashicorp/aws\"]",
      "instances": [
        {
          "schema_version": 0,
          "attributes": {
            "display_name": "danielmleniz",
            "id": "22c1bacbfbdda44cc7d18001aaf1a0946c416b9f3c216c9392b3c7465e446cd8"
          },
          "sensitive_attributes": []
        }
      ]
    },
    {
      "module": "module.s3-bucket",
      "mode": "data",
      "type": "aws_partition",
      "name": "current",
      "provider": "provider[\"registry.terraform.io/hashicorp/aws\"]",
      "instances": [
        {
          "schema_version": 0,
          "attributes": {
            "dns_suffix": "amazonaws.com",
            "id": "aws",
            "partition": "aws",
            "reverse_dns_prefix": "com.amazonaws"
          },
          "sensitive_attributes": []
        }
      ]
    },
    {
      "module": "module.s3-bucket",
      "mode": "data",
      "type": "aws_region",
      "name": "current",
      "provider": "provider[\"registry.terraform.io/hashicorp/aws\"]",
      "instances": [
        {
          "schema_version": 0,
          "attributes": {
            "description": "US East (N. Virginia)",
            "endpoint": "ec2.us-east-1.amazonaws.com",
            "id": "us-east-1",
            "name": "us-east-1"
          },
          "sensitive_attributes": []
        }
      ]
    },
    {
      "module": "module.s3-bucket",
      "mode": "managed",
      "type": "aws_s3_bucket",
      "name": "this",
      "provider": "provider[\"registry.terraform.io/hashicorp/aws\"]",
      "instances": [
        {
          "index_key": 0,
          "schema_version": 0,
          "attributes": {
            "acceleration_status": "",
            "acl": null,
            "arn": "arn:aws:s3:::terraform-20230509163822299700000001",
            "bucket": "terraform-20230509163822299700000001",
            "bucket_domain_name": "terraform-20230509163822299700000001.s3.amazonaws.com",
            "bucket_prefix": "terraform-",
            "bucket_regional_domain_name": "terraform-20230509163822299700000001.s3.amazonaws.com",
            "cors_rule": [],
            "force_destroy": false,
            "grant": [
              {
                "id": "22c1bacbfbdda44cc7d18001aaf1a0946c416b9f3c216c9392b3c7465e446cd8",
                "permissions": [
                  "FULL_CONTROL"
                ],
                "type": "CanonicalUser",
                "uri": ""
              }
            ],
            "hosted_zone_id": "Z3AQBSTGFYJSTF",
            "id": "terraform-20230509163822299700000001",
            "lifecycle_rule": [],
            "logging": [],
            "object_lock_configuration": [],
            "object_lock_enabled": false,
            "policy": "",
            "region": "us-east-1",
            "replication_configuration": [],
            "request_payer": "BucketOwner",
            "server_side_encryption_configuration": [
              {
                "rule": [
                  {
                    "apply_server_side_encryption_by_default": [
                      {
                        "kms_master_key_id": "",
                        "sse_algorithm": "AES256"
                      }
                    ],
                    "bucket_key_enabled": false
                  }
                ]
              }
            ],
            "tags": null,
            "tags_all": {},
            "timeouts": null,
            "versioning": [
              {
                "enabled": false,
                "mfa_delete": false
              }
            ],
            "website": [],
            "website_domain": null,
            "website_endpoint": null
          },
          "sensitive_attributes": [],
          "private": "eyJlMmJmYjczMC1lY2FhLTExZTYtOGY4OC0zNDM2M2JjN2M0YzAiOnsiY3JlYXRlIjoxMjAwMDAwMDAwMDAwLCJkZWxldGUiOjM2MDAwMDAwMDAwMDAsInJlYWQiOjEyMDAwMDAwMDAwMDAsInVwZGF0ZSI6MTIwMDAwMDAwMDAwMH19"
        }
      ]
    },
    {
      "module": "module.s3-bucket",
      "mode": "managed",
      "type": "aws_s3_bucket_public_access_block",
      "name": "this",
      "provider": "provider[\"registry.terraform.io/hashicorp/aws\"]",
      "instances": [
        {
          "index_key": 0,
          "schema_version": 0,
          "attributes": {
            "block_public_acls": true,
            "block_public_policy": true,
            "bucket": "terraform-20230509163822299700000001",
            "id": "terraform-20230509163822299700000001",
            "ignore_public_acls": true,
            "restrict_public_buckets": true
          },
          "sensitive_attributes": [],
          "private": "bnVsbA==",
          "dependencies": [
            "module.s3-bucket.aws_s3_bucket.this"
          ]
        }
      ]
    },
    {
      "module": "module.tf-state",
      "mode": "managed",
      "type": "aws_dynamodb_table",
      "name": "terraform_locks",
      "provider": "provider[\"registry.terraform.io/hashicorp/aws\"]",
      "instances": [
        {
          "schema_version": 1,
          "attributes": {
            "arn": "arn:aws:dynamodb:us-east-1:787850451508:table/terraform-state-locking",
            "attribute": [
              {
                "name": "LockID",
                "type": "S"
              }
            ],
            "billing_mode": "PAY_PER_REQUEST",
            "deletion_protection_enabled": false,
            "global_secondary_index": [],
            "hash_key": "LockID",
            "id": "terraform-state-locking",
            "local_secondary_index": [],
            "name": "terraform-state-locking",
            "point_in_time_recovery": [
              {
                "enabled": false
              }
            ],
            "range_key": null,
            "read_capacity": 0,
            "replica": [],
            "restore_date_time": null,
            "restore_source_name": null,
            "restore_to_latest_time": null,
            "server_side_encryption": [],
            "stream_arn": "",
            "stream_enabled": false,
            "stream_label": "",
            "stream_view_type": "",
            "table_class": "STANDARD",
            "tags": null,
            "tags_all": {},
            "timeouts": null,
            "ttl": [
              {
                "attribute_name": "",
                "enabled": false
              }
            ],
            "write_capacity": 0
          },
          "sensitive_attributes": [],
          "private": "eyJlMmJmYjczMC1lY2FhLTExZTYtOGY4OC0zNDM2M2JjN2M0YzAiOnsiY3JlYXRlIjoxODAwMDAwMDAwMDAwLCJkZWxldGUiOjYwMDAwMDAwMDAwMCwidXBkYXRlIjozNjAwMDAwMDAwMDAwfSwic2NoZW1hX3ZlcnNpb24iOiIxIn0="
        }
      ]
    },
    {
      "module": "module.tf-state",
      "mode": "managed",
      "type": "aws_s3_bucket",
      "name": "terraform_state",
      "provider": "provider[\"registry.terraform.io/hashicorp/aws\"]",
      "instances": [
        {
          "schema_version": 0,
          "attributes": {
            "acceleration_status": "",
            "acl": null,
            "arn": "arn:aws:s3:::backend-resume",
            "bucket": "backend-resume",
            "bucket_domain_name": "backend-resume.s3.amazonaws.com",
            "bucket_prefix": "",
            "bucket_regional_domain_name": "backend-resume.s3.amazonaws.com",
            "cors_rule": [],
            "force_destroy": true,
            "grant": [
              {
                "id": "22c1bacbfbdda44cc7d18001aaf1a0946c416b9f3c216c9392b3c7465e446cd8",
                "permissions": [
                  "FULL_CONTROL"
                ],
                "type": "CanonicalUser",
                "uri": ""
              }
            ],
            "hosted_zone_id": "Z3AQBSTGFYJSTF",
            "id": "backend-resume",
            "lifecycle_rule": [],
            "logging": [],
            "object_lock_configuration": [],
            "object_lock_enabled": false,
            "policy": "",
            "region": "us-east-1",
            "replication_configuration": [],
            "request_payer": "BucketOwner",
            "server_side_encryption_configuration": [
              {
                "rule": [
                  {
                    "apply_server_side_encryption_by_default": [
                      {
                        "kms_master_key_id": "",
                        "sse_algorithm": "AES256"
                      }
                    ],
                    "bucket_key_enabled": false
                  }
                ]
              }
            ],
            "tags": null,
            "tags_all": {},
            "timeouts": null,
            "versioning": [
              {
                "enabled": false,
                "mfa_delete": false
              }
            ],
            "website": [],
            "website_domain": null,
            "website_endpoint": null
          },
          "sensitive_attributes": [],
          "private": "eyJlMmJmYjczMC1lY2FhLTExZTYtOGY4OC0zNDM2M2JjN2M0YzAiOnsiY3JlYXRlIjoxMjAwMDAwMDAwMDAwLCJkZWxldGUiOjM2MDAwMDAwMDAwMDAsInJlYWQiOjEyMDAwMDAwMDAwMDAsInVwZGF0ZSI6MTIwMDAwMDAwMDAwMH19"
        }
      ]
    },
    {
      "module": "module.tf-state",
      "mode": "managed",
      "type": "aws_s3_bucket_server_side_encryption_configuration",
      "name": "terraform_state_crypto_config",
      "provider": "provider[\"registry.terraform.io/hashicorp/aws\"]",
      "instances": [
        {
          "schema_version": 0,
          "attributes": {
            "bucket": "backend-resume",
            "expected_bucket_owner": "",
            "id": "backend-resume",
            "rule": [
              {
                "apply_server_side_encryption_by_default": [
                  {
                    "kms_master_key_id": "",
                    "sse_algorithm": "AES256"
                  }
                ],
                "bucket_key_enabled": null
              }
            ]
          },
          "sensitive_attributes": [],
          "private": "bnVsbA==",
          "dependencies": [
            "module.tf-state.aws_s3_bucket.terraform_state"
          ]
        }
      ]
    },
    {
      "module": "module.tf-state",
      "mode": "managed",
      "type": "aws_s3_bucket_versioning",
      "name": "terraform_bucket_versioning",
      "provider": "provider[\"registry.terraform.io/hashicorp/aws\"]",
      "instances": [
        {
          "schema_version": 0,
          "attributes": {
            "bucket": "backend-resume",
            "expected_bucket_owner": "",
            "id": "backend-resume",
            "mfa": null,
            "versioning_configuration": [
              {
                "mfa_delete": "",
                "status": "Enabled"
              }
            ]
          },
          "sensitive_attributes": [],
          "private": "bnVsbA==",
          "dependencies": [
            "module.tf-state.aws_s3_bucket.terraform_state"
          ]
        }
      ]
    },
    {
      "module": "module.vpc-infra",
      "mode": "managed",
      "type": "aws_eip",
      "name": "ccNatGatewayEIP1",
      "provider": "provider[\"registry.terraform.io/hashicorp/aws\"]",
      "instances": [
        {
          "schema_version": 0,
          "attributes": {
            "address": null,
            "allocation_id": "eipalloc-04aaf4b84484dc6a6",
            "associate_with_private_ip": null,
            "association_id": "",
            "carrier_ip": "",
            "customer_owned_ip": "",
            "customer_owned_ipv4_pool": "",
            "domain": "vpc",
            "id": "eipalloc-04aaf4b84484dc6a6",
            "instance": "",
            "network_border_group": "us-east-1",
            "network_interface": "",
            "private_dns": null,
            "private_ip": "",
            "public_dns": "ec2-52-72-241-76.compute-1.amazonaws.com",
            "public_ip": "52.72.241.76",
            "public_ipv4_pool": "amazon",
            "tags": {
              "Name": "ccNatGatewayEIP1",
              "Project": "CC TF"
            },
            "tags_all": {
              "Name": "ccNatGatewayEIP1",
              "Project": "CC TF"
            },
            "timeouts": null,
            "vpc": true
          },
          "sensitive_attributes": [],
          "private": "eyJlMmJmYjczMC1lY2FhLTExZTYtOGY4OC0zNDM2M2JjN2M0YzAiOnsiZGVsZXRlIjoxODAwMDAwMDAwMDAsInJlYWQiOjkwMDAwMDAwMDAwMCwidXBkYXRlIjozMDAwMDAwMDAwMDB9fQ=="
        }
      ]
    },
    {
      "module": "module.vpc-infra",
      "mode": "managed",
      "type": "aws_eip",
      "name": "ccNatGatewayEIP2",
      "provider": "provider[\"registry.terraform.io/hashicorp/aws\"]",
      "instances": [
        {
          "schema_version": 0,
          "attributes": {
            "address": null,
            "allocation_id": "eipalloc-082002a45f64fa1d1",
            "associate_with_private_ip": null,
            "association_id": "",
            "carrier_ip": "",
            "customer_owned_ip": "",
            "customer_owned_ipv4_pool": "",
            "domain": "vpc",
            "id": "eipalloc-082002a45f64fa1d1",
            "instance": "",
            "network_border_group": "us-east-1",
            "network_interface": "",
            "private_dns": null,
            "private_ip": "",
            "public_dns": "ec2-44-193-169-53.compute-1.amazonaws.com",
            "public_ip": "44.193.169.53",
            "public_ipv4_pool": "amazon",
            "tags": {
              "Name": "ccNatGatewayEIP2",
              "Project": "CC TF"
            },
            "tags_all": {
              "Name": "ccNatGatewayEIP2",
              "Project": "CC TF"
            },
            "timeouts": null,
            "vpc": true
          },
          "sensitive_attributes": [],
          "private": "eyJlMmJmYjczMC1lY2FhLTExZTYtOGY4OC0zNDM2M2JjN2M0YzAiOnsiZGVsZXRlIjoxODAwMDAwMDAwMDAsInJlYWQiOjkwMDAwMDAwMDAwMCwidXBkYXRlIjozMDAwMDAwMDAwMDB9fQ=="
        }
      ]
    },
    {
      "module": "module.vpc-infra",
      "mode": "managed",
      "type": "aws_internet_gateway",
      "name": "ccIGW",
      "provider": "provider[\"registry.terraform.io/hashicorp/aws\"]",
      "instances": [
        {
          "schema_version": 0,
          "attributes": {
            "arn": "arn:aws:ec2:us-east-1:787850451508:internet-gateway/igw-0efbd4d327a698084",
            "id": "igw-0efbd4d327a698084",
            "owner_id": "787850451508",
            "tags": {
              "Name": "ccIGW",
              "Project": "CC TF"
            },
            "tags_all": {
              "Name": "ccIGW",
              "Project": "CC TF"
            },
            "timeouts": null,
            "vpc_id": "vpc-076e410fe048cb4f0"
          },
          "sensitive_attributes": [],
          "private": "eyJlMmJmYjczMC1lY2FhLTExZTYtOGY4OC0zNDM2M2JjN2M0YzAiOnsiY3JlYXRlIjoxMjAwMDAwMDAwMDAwLCJkZWxldGUiOjEyMDAwMDAwMDAwMDAsInVwZGF0ZSI6MTIwMDAwMDAwMDAwMH19",
          "dependencies": [
            "module.vpc-infra.aws_vpc.ccVPC"
          ]
        }
      ]
    },
    {
      "module": "module.vpc-infra",
      "mode": "managed",
      "type": "aws_nat_gateway",
      "name": "ccNatGateway1",
      "provider": "provider[\"registry.terraform.io/hashicorp/aws\"]",
      "instances": [
        {
          "schema_version": 0,
          "attributes": {
            "allocation_id": "eipalloc-04aaf4b84484dc6a6",
            "association_id": "eipassoc-0d27a72d0bad72857",
            "connectivity_type": "public",
            "id": "nat-06591c12ed9a6ecc1",
            "network_interface_id": "eni-0d6f74af44969f4b8",
            "private_ip": "10.0.0.238",
            "public_ip": "52.72.241.76",
            "subnet_id": "subnet-02623dbf3bf9616bb",
            "tags": {
              "Name": "ccNatGateway1",
              "Project": "CC TF"
            },
            "tags_all": {
              "Name": "ccNatGateway1",
              "Project": "CC TF"
            }
          },
          "sensitive_attributes": [],
          "private": "bnVsbA==",
          "dependencies": [
            "module.vpc-infra.aws_eip.ccNatGatewayEIP1",
            "module.vpc-infra.aws_subnet.ccPublicSubnet1",
            "module.vpc-infra.aws_vpc.ccVPC"
          ]
        }
      ]
    },
    {
      "module": "module.vpc-infra",
      "mode": "managed",
      "type": "aws_nat_gateway",
      "name": "ccNatGateway2",
      "provider": "provider[\"registry.terraform.io/hashicorp/aws\"]",
      "instances": [
        {
          "schema_version": 0,
          "attributes": {
            "allocation_id": "eipalloc-082002a45f64fa1d1",
            "association_id": "eipassoc-0121933cdb13cdf28",
            "connectivity_type": "public",
            "id": "nat-09f4d6afcf6b866e5",
            "network_interface_id": "eni-024ac19d2f3e5faef",
            "private_ip": "10.0.0.99",
            "public_ip": "44.193.169.53",
            "subnet_id": "subnet-02623dbf3bf9616bb",
            "tags": {
              "Name": "ccNatGateway2",
              "Project": "CC TF"
            },
            "tags_all": {
              "Name": "ccNatGateway2",
              "Project": "CC TF"
            }
          },
          "sensitive_attributes": [],
          "private": "bnVsbA==",
          "dependencies": [
            "module.vpc-infra.aws_eip.ccNatGatewayEIP2",
            "module.vpc-infra.aws_subnet.ccPublicSubnet1",
            "module.vpc-infra.aws_vpc.ccVPC"
          ]
        }
      ]
    },
    {
      "module": "module.vpc-infra",
      "mode": "managed",
      "type": "aws_route_table",
      "name": "ccPrivateRT1",
      "provider": "provider[\"registry.terraform.io/hashicorp/aws\"]",
      "instances": [
        {
          "schema_version": 0,
          "attributes": {
            "arn": "arn:aws:ec2:us-east-1:787850451508:route-table/rtb-00bd8d26935ac57fb",
            "id": "rtb-00bd8d26935ac57fb",
            "owner_id": "787850451508",
            "propagating_vgws": [],
            "route": [
              {
                "carrier_gateway_id": "",
                "cidr_block": "0.0.0.0/0",
                "core_network_arn": "",
                "destination_prefix_list_id": "",
                "egress_only_gateway_id": "",
                "gateway_id": "",
                "instance_id": "",
                "ipv6_cidr_block": "",
                "local_gateway_id": "",
                "nat_gateway_id": "nat-06591c12ed9a6ecc1",
                "network_interface_id": "",
                "transit_gateway_id": "",
                "vpc_endpoint_id": "",
                "vpc_peering_connection_id": ""
              }
            ],
            "tags": {
              "Name": "ccPrivateRT1",
              "Project": "CC TF"
            },
            "tags_all": {
              "Name": "ccPrivateRT1",
              "Project": "CC TF"
            },
            "timeouts": null,
            "vpc_id": "vpc-076e410fe048cb4f0"
          },
          "sensitive_attributes": [],
          "private": "eyJlMmJmYjczMC1lY2FhLTExZTYtOGY4OC0zNDM2M2JjN2M0YzAiOnsiY3JlYXRlIjozMDAwMDAwMDAwMDAsImRlbGV0ZSI6MzAwMDAwMDAwMDAwLCJ1cGRhdGUiOjEyMDAwMDAwMDAwMH19",
          "dependencies": [
            "module.vpc-infra.aws_eip.ccNatGatewayEIP1",
            "module.vpc-infra.aws_nat_gateway.ccNatGateway1",
            "module.vpc-infra.aws_subnet.ccPublicSubnet1",
            "module.vpc-infra.aws_vpc.ccVPC"
          ]
        }
      ]
    },
    {
      "module": "module.vpc-infra",
      "mode": "managed",
      "type": "aws_route_table",
      "name": "ccPrivateRT2",
      "provider": "provider[\"registry.terraform.io/hashicorp/aws\"]",
      "instances": [
        {
          "schema_version": 0,
          "attributes": {
            "arn": "arn:aws:ec2:us-east-1:787850451508:route-table/rtb-0e0ad3fadb327a74e",
            "id": "rtb-0e0ad3fadb327a74e",
            "owner_id": "787850451508",
            "propagating_vgws": [],
            "route": [
              {
                "carrier_gateway_id": "",
                "cidr_block": "0.0.0.0/0",
                "core_network_arn": "",
                "destination_prefix_list_id": "",
                "egress_only_gateway_id": "",
                "gateway_id": "",
                "instance_id": "",
                "ipv6_cidr_block": "",
                "local_gateway_id": "",
                "nat_gateway_id": "nat-09f4d6afcf6b866e5",
                "network_interface_id": "",
                "transit_gateway_id": "",
                "vpc_endpoint_id": "",
                "vpc_peering_connection_id": ""
              }
            ],
            "tags": {
              "Name": "ccPrivateRT2",
              "Project": "CC TF"
            },
            "tags_all": {
              "Name": "ccPrivateRT2",
              "Project": "CC TF"
            },
            "timeouts": null,
            "vpc_id": "vpc-076e410fe048cb4f0"
          },
          "sensitive_attributes": [],
          "private": "eyJlMmJmYjczMC1lY2FhLTExZTYtOGY4OC0zNDM2M2JjN2M0YzAiOnsiY3JlYXRlIjozMDAwMDAwMDAwMDAsImRlbGV0ZSI6MzAwMDAwMDAwMDAwLCJ1cGRhdGUiOjEyMDAwMDAwMDAwMH19",
          "dependencies": [
            "module.vpc-infra.aws_eip.ccNatGatewayEIP2",
            "module.vpc-infra.aws_nat_gateway.ccNatGateway2",
            "module.vpc-infra.aws_subnet.ccPublicSubnet1",
            "module.vpc-infra.aws_vpc.ccVPC"
          ]
        }
      ]
    },
    {
      "module": "module.vpc-infra",
      "mode": "managed",
      "type": "aws_route_table",
      "name": "ccPublicRT",
      "provider": "provider[\"registry.terraform.io/hashicorp/aws\"]",
      "instances": [
        {
          "schema_version": 0,
          "attributes": {
            "arn": "arn:aws:ec2:us-east-1:787850451508:route-table/rtb-0ffe29e0123521814",
            "id": "rtb-0ffe29e0123521814",
            "owner_id": "787850451508",
            "propagating_vgws": [],
            "route": [
              {
                "carrier_gateway_id": "",
                "cidr_block": "0.0.0.0/0",
                "core_network_arn": "",
                "destination_prefix_list_id": "",
                "egress_only_gateway_id": "",
                "gateway_id": "igw-0efbd4d327a698084",
                "instance_id": "",
                "ipv6_cidr_block": "",
                "local_gateway_id": "",
                "nat_gateway_id": "",
                "network_interface_id": "",
                "transit_gateway_id": "",
                "vpc_endpoint_id": "",
                "vpc_peering_connection_id": ""
              }
            ],
            "tags": {
              "Name": "ccPublicRT",
              "Project": "CC TF"
            },
            "tags_all": {
              "Name": "ccPublicRT",
              "Project": "CC TF"
            },
            "timeouts": null,
            "vpc_id": "vpc-076e410fe048cb4f0"
          },
          "sensitive_attributes": [],
          "private": "eyJlMmJmYjczMC1lY2FhLTExZTYtOGY4OC0zNDM2M2JjN2M0YzAiOnsiY3JlYXRlIjozMDAwMDAwMDAwMDAsImRlbGV0ZSI6MzAwMDAwMDAwMDAwLCJ1cGRhdGUiOjEyMDAwMDAwMDAwMH19",
          "dependencies": [
            "module.vpc-infra.aws_internet_gateway.ccIGW",
            "module.vpc-infra.aws_vpc.ccVPC"
          ]
        }
      ]
    },
    {
      "module": "module.vpc-infra",
      "mode": "managed",
      "type": "aws_route_table_association",
      "name": "ccPrivateRTassociation1",
      "provider": "provider[\"registry.terraform.io/hashicorp/aws\"]",
      "instances": [
        {
          "schema_version": 0,
          "attributes": {
            "gateway_id": "",
            "id": "rtbassoc-0b0ef73cfb85b6b8d",
            "route_table_id": "rtb-00bd8d26935ac57fb",
            "subnet_id": "subnet-06f062ed575552952",
            "timeouts": null
          },
          "sensitive_attributes": [],
          "private": "eyJlMmJmYjczMC1lY2FhLTExZTYtOGY4OC0zNDM2M2JjN2M0YzAiOnsiY3JlYXRlIjozMDAwMDAwMDAwMDAsImRlbGV0ZSI6MzAwMDAwMDAwMDAwLCJ1cGRhdGUiOjEyMDAwMDAwMDAwMH19",
          "dependencies": [
            "module.vpc-infra.aws_eip.ccNatGatewayEIP1",
            "module.vpc-infra.aws_nat_gateway.ccNatGateway1",
            "module.vpc-infra.aws_route_table.ccPrivateRT1",
            "module.vpc-infra.aws_subnet.ccPrivateSubnet1",
            "module.vpc-infra.aws_subnet.ccPublicSubnet1",
            "module.vpc-infra.aws_vpc.ccVPC"
          ]
        }
      ]
    },
    {
      "module": "module.vpc-infra",
      "mode": "managed",
      "type": "aws_route_table_association",
      "name": "ccPrivateRTassociation2",
      "provider": "provider[\"registry.terraform.io/hashicorp/aws\"]",
      "instances": [
        {
          "schema_version": 0,
          "attributes": {
            "gateway_id": "",
            "id": "rtbassoc-0fd58dfdac8b31c44",
            "route_table_id": "rtb-0e0ad3fadb327a74e",
            "subnet_id": "subnet-0f1147d0139513486",
            "timeouts": null
          },
          "sensitive_attributes": [],
          "private": "eyJlMmJmYjczMC1lY2FhLTExZTYtOGY4OC0zNDM2M2JjN2M0YzAiOnsiY3JlYXRlIjozMDAwMDAwMDAwMDAsImRlbGV0ZSI6MzAwMDAwMDAwMDAwLCJ1cGRhdGUiOjEyMDAwMDAwMDAwMH19",
          "dependencies": [
            "module.vpc-infra.aws_eip.ccNatGatewayEIP2",
            "module.vpc-infra.aws_nat_gateway.ccNatGateway2",
            "module.vpc-infra.aws_route_table.ccPrivateRT2",
            "module.vpc-infra.aws_subnet.ccPrivateSubnet2",
            "module.vpc-infra.aws_subnet.ccPublicSubnet1",
            "module.vpc-infra.aws_vpc.ccVPC"
          ]
        }
      ]
    },
    {
      "module": "module.vpc-infra",
      "mode": "managed",
      "type": "aws_route_table_association",
      "name": "ccPublicRTassociation1",
      "provider": "provider[\"registry.terraform.io/hashicorp/aws\"]",
      "instances": [
        {
          "schema_version": 0,
          "attributes": {
            "gateway_id": "",
            "id": "rtbassoc-014358c8b95f67ff7",
            "route_table_id": "rtb-0ffe29e0123521814",
            "subnet_id": "subnet-02623dbf3bf9616bb",
            "timeouts": null
          },
          "sensitive_attributes": [],
          "private": "eyJlMmJmYjczMC1lY2FhLTExZTYtOGY4OC0zNDM2M2JjN2M0YzAiOnsiY3JlYXRlIjozMDAwMDAwMDAwMDAsImRlbGV0ZSI6MzAwMDAwMDAwMDAwLCJ1cGRhdGUiOjEyMDAwMDAwMDAwMH19",
          "dependencies": [
            "module.vpc-infra.aws_internet_gateway.ccIGW",
            "module.vpc-infra.aws_route_table.ccPublicRT",
            "module.vpc-infra.aws_subnet.ccPublicSubnet1",
            "module.vpc-infra.aws_vpc.ccVPC"
          ]
        }
      ]
    },
    {
      "module": "module.vpc-infra",
      "mode": "managed",
      "type": "aws_route_table_association",
      "name": "ccPublicRTassociation2",
      "provider": "provider[\"registry.terraform.io/hashicorp/aws\"]",
      "instances": [
        {
          "schema_version": 0,
          "attributes": {
            "gateway_id": "",
            "id": "rtbassoc-0a7a01875efd07e65",
            "route_table_id": "rtb-0ffe29e0123521814",
            "subnet_id": "subnet-06a741ffc645bc586",
            "timeouts": null
          },
          "sensitive_attributes": [],
          "private": "eyJlMmJmYjczMC1lY2FhLTExZTYtOGY4OC0zNDM2M2JjN2M0YzAiOnsiY3JlYXRlIjozMDAwMDAwMDAwMDAsImRlbGV0ZSI6MzAwMDAwMDAwMDAwLCJ1cGRhdGUiOjEyMDAwMDAwMDAwMH19",
          "dependencies": [
            "module.vpc-infra.aws_internet_gateway.ccIGW",
            "module.vpc-infra.aws_route_table.ccPublicRT",
            "module.vpc-infra.aws_subnet.ccPublicSubnet2",
            "module.vpc-infra.aws_vpc.ccVPC"
          ]
        }
      ]
    },
    {
      "module": "module.vpc-infra",
      "mode": "managed",
      "type": "aws_subnet",
      "name": "ccPrivateSubnet1",
      "provider": "provider[\"registry.terraform.io/hashicorp/aws\"]",
      "instances": [
        {
          "schema_version": 1,
          "attributes": {
            "arn": "arn:aws:ec2:us-east-1:787850451508:subnet/subnet-06f062ed575552952",
            "assign_ipv6_address_on_creation": false,
            "availability_zone": "us-east-1a",
            "availability_zone_id": "use1-az6",
            "cidr_block": "10.0.3.0/24",
            "customer_owned_ipv4_pool": "",
            "enable_dns64": false,
            "enable_lni_at_device_index": 0,
            "enable_resource_name_dns_a_record_on_launch": false,
            "enable_resource_name_dns_aaaa_record_on_launch": false,
            "id": "subnet-06f062ed575552952",
            "ipv6_cidr_block": "",
            "ipv6_cidr_block_association_id": "",
            "ipv6_native": false,
            "map_customer_owned_ip_on_launch": false,
            "map_public_ip_on_launch": false,
            "outpost_arn": "",
            "owner_id": "787850451508",
            "private_dns_hostname_type_on_launch": "ip-name",
            "tags": {
              "Name": "ccPrivateSubnet1",
              "Project": "CC TF"
            },
            "tags_all": {
              "Name": "ccPrivateSubnet1",
              "Project": "CC TF"
            },
            "timeouts": null,
            "vpc_id": "vpc-076e410fe048cb4f0"
          },
          "sensitive_attributes": [],
          "private": "eyJlMmJmYjczMC1lY2FhLTExZTYtOGY4OC0zNDM2M2JjN2M0YzAiOnsiY3JlYXRlIjo2MDAwMDAwMDAwMDAsImRlbGV0ZSI6MTIwMDAwMDAwMDAwMH0sInNjaGVtYV92ZXJzaW9uIjoiMSJ9",
          "dependencies": [
            "module.vpc-infra.aws_vpc.ccVPC"
          ]
        }
      ]
    },
    {
      "module": "module.vpc-infra",
      "mode": "managed",
      "type": "aws_subnet",
      "name": "ccPrivateSubnet2",
      "provider": "provider[\"registry.terraform.io/hashicorp/aws\"]",
      "instances": [
        {
          "schema_version": 1,
          "attributes": {
            "arn": "arn:aws:ec2:us-east-1:787850451508:subnet/subnet-0f1147d0139513486",
            "assign_ipv6_address_on_creation": false,
            "availability_zone": "us-east-1b",
            "availability_zone_id": "use1-az1",
            "cidr_block": "10.0.4.0/24",
            "customer_owned_ipv4_pool": "",
            "enable_dns64": false,
            "enable_lni_at_device_index": 0,
            "enable_resource_name_dns_a_record_on_launch": false,
            "enable_resource_name_dns_aaaa_record_on_launch": false,
            "id": "subnet-0f1147d0139513486",
            "ipv6_cidr_block": "",
            "ipv6_cidr_block_association_id": "",
            "ipv6_native": false,
            "map_customer_owned_ip_on_launch": false,
            "map_public_ip_on_launch": false,
            "outpost_arn": "",
            "owner_id": "787850451508",
            "private_dns_hostname_type_on_launch": "ip-name",
            "tags": {
              "Name": "ccPrivateSubnet2",
              "Project": "CC TF"
            },
            "tags_all": {
              "Name": "ccPrivateSubnet2",
              "Project": "CC TF"
            },
            "timeouts": null,
            "vpc_id": "vpc-076e410fe048cb4f0"
          },
          "sensitive_attributes": [],
          "private": "eyJlMmJmYjczMC1lY2FhLTExZTYtOGY4OC0zNDM2M2JjN2M0YzAiOnsiY3JlYXRlIjo2MDAwMDAwMDAwMDAsImRlbGV0ZSI6MTIwMDAwMDAwMDAwMH0sInNjaGVtYV92ZXJzaW9uIjoiMSJ9",
          "dependencies": [
            "module.vpc-infra.aws_vpc.ccVPC"
          ]
        }
      ]
    },
    {
      "module": "module.vpc-infra",
      "mode": "managed",
      "type": "aws_subnet",
      "name": "ccPublicSubnet1",
      "provider": "provider[\"registry.terraform.io/hashicorp/aws\"]",
      "instances": [
        {
          "schema_version": 1,
          "attributes": {
            "arn": "arn:aws:ec2:us-east-1:787850451508:subnet/subnet-02623dbf3bf9616bb",
            "assign_ipv6_address_on_creation": false,
            "availability_zone": "us-east-1a",
            "availability_zone_id": "use1-az6",
            "cidr_block": "10.0.0.0/24",
            "customer_owned_ipv4_pool": "",
            "enable_dns64": false,
            "enable_lni_at_device_index": 0,
            "enable_resource_name_dns_a_record_on_launch": false,
            "enable_resource_name_dns_aaaa_record_on_launch": false,
            "id": "subnet-02623dbf3bf9616bb",
            "ipv6_cidr_block": "",
            "ipv6_cidr_block_association_id": "",
            "ipv6_native": false,
            "map_customer_owned_ip_on_launch": false,
            "map_public_ip_on_launch": false,
            "outpost_arn": "",
            "owner_id": "787850451508",
            "private_dns_hostname_type_on_launch": "ip-name",
            "tags": {
              "Name": "ccPublicSubnet1",
              "Project": "CC TF"
            },
            "tags_all": {
              "Name": "ccPublicSubnet1",
              "Project": "CC TF"
            },
            "timeouts": null,
            "vpc_id": "vpc-076e410fe048cb4f0"
          },
          "sensitive_attributes": [],
          "private": "eyJlMmJmYjczMC1lY2FhLTExZTYtOGY4OC0zNDM2M2JjN2M0YzAiOnsiY3JlYXRlIjo2MDAwMDAwMDAwMDAsImRlbGV0ZSI6MTIwMDAwMDAwMDAwMH0sInNjaGVtYV92ZXJzaW9uIjoiMSJ9",
          "dependencies": [
            "module.vpc-infra.aws_vpc.ccVPC"
          ]
        }
      ]
    },
    {
      "module": "module.vpc-infra",
      "mode": "managed",
      "type": "aws_subnet",
      "name": "ccPublicSubnet2",
      "provider": "provider[\"registry.terraform.io/hashicorp/aws\"]",
      "instances": [
        {
          "schema_version": 1,
          "attributes": {
            "arn": "arn:aws:ec2:us-east-1:787850451508:subnet/subnet-06a741ffc645bc586",
            "assign_ipv6_address_on_creation": false,
            "availability_zone": "us-east-1b",
            "availability_zone_id": "use1-az1",
            "cidr_block": "10.0.1.0/24",
            "customer_owned_ipv4_pool": "",
            "enable_dns64": false,
            "enable_lni_at_device_index": 0,
            "enable_resource_name_dns_a_record_on_launch": false,
            "enable_resource_name_dns_aaaa_record_on_launch": false,
            "id": "subnet-06a741ffc645bc586",
            "ipv6_cidr_block": "",
            "ipv6_cidr_block_association_id": "",
            "ipv6_native": false,
            "map_customer_owned_ip_on_launch": false,
            "map_public_ip_on_launch": false,
            "outpost_arn": "",
            "owner_id": "787850451508",
            "private_dns_hostname_type_on_launch": "ip-name",
            "tags": {
              "Name": "ccPublicSubnet2",
              "Project": "CC TF"
            },
            "tags_all": {
              "Name": "ccPublicSubnet2",
              "Project": "CC TF"
            },
            "timeouts": null,
            "vpc_id": "vpc-076e410fe048cb4f0"
          },
          "sensitive_attributes": [],
          "private": "eyJlMmJmYjczMC1lY2FhLTExZTYtOGY4OC0zNDM2M2JjN2M0YzAiOnsiY3JlYXRlIjo2MDAwMDAwMDAwMDAsImRlbGV0ZSI6MTIwMDAwMDAwMDAwMH0sInNjaGVtYV92ZXJzaW9uIjoiMSJ9",
          "dependencies": [
            "module.vpc-infra.aws_vpc.ccVPC"
          ]
        }
      ]
    },
    {
      "module": "module.vpc-infra",
      "mode": "managed",
      "type": "aws_vpc",
      "name": "ccVPC",
      "provider": "provider[\"registry.terraform.io/hashicorp/aws\"]",
      "instances": [
        {
          "schema_version": 1,
          "attributes": {
            "arn": "arn:aws:ec2:us-east-1:787850451508:vpc/vpc-076e410fe048cb4f0",
            "assign_generated_ipv6_cidr_block": false,
            "cidr_block": "10.0.0.0/16",
            "default_network_acl_id": "acl-097e35d3e61d8ac34",
            "default_route_table_id": "rtb-05a413ace9f8d911b",
            "default_security_group_id": "sg-0e0c2d91b741ff3ab",
            "dhcp_options_id": "dopt-0fb5e05ba48577d3e",
            "enable_classiclink": false,
            "enable_classiclink_dns_support": false,
            "enable_dns_hostnames": false,
            "enable_dns_support": true,
            "enable_network_address_usage_metrics": false,
            "id": "vpc-076e410fe048cb4f0",
            "instance_tenancy": "default",
            "ipv4_ipam_pool_id": null,
            "ipv4_netmask_length": null,
            "ipv6_association_id": "",
            "ipv6_cidr_block": "",
            "ipv6_cidr_block_network_border_group": "",
            "ipv6_ipam_pool_id": "",
            "ipv6_netmask_length": 0,
            "main_route_table_id": "rtb-05a413ace9f8d911b",
            "owner_id": "787850451508",
            "tags": {
              "Name": "ccVPC",
              "Project": "CC TF"
            },
            "tags_all": {
              "Name": "ccVPC",
              "Project": "CC TF"
            }
          },
          "sensitive_attributes": [],
          "private": "eyJzY2hlbWFfdmVyc2lvbiI6IjEifQ=="
        }
      ]
    }
  ],
  "check_results": null
}
